
Microsoft Visual Studio Solution File, Format Version 12.00
# Visual Studio Version 17
VisualStudioVersion = 17.5.33516.290
MinimumVisualStudioVersion = 10.0.40219.1
Project("{FAE04EC0-301F-11D3-BF4B-00C04F79EFBC}") = "Web_form_Demo", "Web_form_Demo\Web_form_Demo.csproj", "{10EB1723-F274-4C34-ACC9-46EFCD329A1A}"
EndProject
Global
	GlobalSection(SolutionConfigurationPlatforms) = preSolution
		Debug|Any CPU = Debug|Any CPU
		Release|Any CPU = Release|Any CPU
	EndGlobalSection
	GlobalSection(ProjectConfigurationPlatforms) = postSolution
		{10EB1723-F274-4C34-ACC9-46EFCD329A1A}.Debug|Any CPU.ActiveCfg = Debug|Any CPU
		{10EB1723-F274-4C34-ACC9-46EFCD329A1A}.Debug|Any CPU.Build.0 = Debug|Any CPU
		{10EB1723-F274-4C34-ACC9-46EFCD329A1A}.Release|Any CPU.ActiveCfg = Release|Any CPU
		{10EB1723-F274-4C34-ACC9-46EFCD329A1A}.Release|Any CPU.Build.0 = Release|Any CPU
	EndGlobalSection
	GlobalSection(SolutionProperties) = preSolution
		HideSolutionNode = FALSE
	EndGlobalSection
	GlobalSection(ExtensibilityGlobals) = postSolution
		SolutionGuid = {BAA335CA-F800-4DDC-ABF3-8AF74EB312E4}
	EndGlobalSection
EndGlobal
