
Microsoft Visual Studio Solution File, Format Version 12.00
# Visual Studio Version 17
VisualStudioVersion = 17.5.33516.290
MinimumVisualStudioVersion = 10.0.40219.1
Project("{FAE04EC0-301F-11D3-BF4B-00C04F79EFBC}") = "AddReference", "AddReference\AddReference.csproj", "{E597EAF9-E644-43DD-A987-97E65046F8DA}"
EndProject
Global
	GlobalSection(SolutionConfigurationPlatforms) = preSolution
		Debug|Any CPU = Debug|Any CPU
		Release|Any CPU = Release|Any CPU
	EndGlobalSection
	GlobalSection(ProjectConfigurationPlatforms) = postSolution
		{E597EAF9-E644-43DD-A987-97E65046F8DA}.Debug|Any CPU.ActiveCfg = Debug|Any CPU
		{E597EAF9-E644-43DD-A987-97E65046F8DA}.Debug|Any CPU.Build.0 = Debug|Any CPU
		{E597EAF9-E644-43DD-A987-97E65046F8DA}.Release|Any CPU.ActiveCfg = Release|Any CPU
		{E597EAF9-E644-43DD-A987-97E65046F8DA}.Release|Any CPU.Build.0 = Release|Any CPU
	EndGlobalSection
	GlobalSection(SolutionProperties) = preSolution
		HideSolutionNode = FALSE
	EndGlobalSection
	GlobalSection(ExtensibilityGlobals) = postSolution
		SolutionGuid = {7E8C446A-B0D6-4B55-80ED-8386B30C3BB4}
	EndGlobalSection
EndGlobal
