
Microsoft Visual Studio Solution File, Format Version 12.00
# Visual Studio Version 17
VisualStudioVersion = 17.5.33516.290
MinimumVisualStudioVersion = 10.0.40219.1
Project("{FAE04EC0-301F-11D3-BF4B-00C04F79EFBC}") = "DAtaTable", "DAtaTable\DAtaTable.csproj", "{6F23668A-7E27-4866-9788-A9289C18BE76}"
EndProject
Global
	GlobalSection(SolutionConfigurationPlatforms) = preSolution
		Debug|Any CPU = Debug|Any CPU
		Release|Any CPU = Release|Any CPU
	EndGlobalSection
	GlobalSection(ProjectConfigurationPlatforms) = postSolution
		{6F23668A-7E27-4866-9788-A9289C18BE76}.Debug|Any CPU.ActiveCfg = Debug|Any CPU
		{6F23668A-7E27-4866-9788-A9289C18BE76}.Debug|Any CPU.Build.0 = Debug|Any CPU
		{6F23668A-7E27-4866-9788-A9289C18BE76}.Release|Any CPU.ActiveCfg = Release|Any CPU
		{6F23668A-7E27-4866-9788-A9289C18BE76}.Release|Any CPU.Build.0 = Release|Any CPU
	EndGlobalSection
	GlobalSection(SolutionProperties) = preSolution
		HideSolutionNode = FALSE
	EndGlobalSection
	GlobalSection(ExtensibilityGlobals) = postSolution
		SolutionGuid = {E66747E7-8C0F-4DBC-8B31-3AA86C29CF41}
	EndGlobalSection
EndGlobal
