
Microsoft Visual Studio Solution File, Format Version 12.00
# Visual Studio Version 17
VisualStudioVersion = 17.5.33516.290
MinimumVisualStudioVersion = 10.0.40219.1
Project("{FAE04EC0-301F-11D3-BF4B-00C04F79EFBC}") = "Abstract Class", "Abstract Class\Abstract Class.csproj", "{5664234F-3594-460A-903F-EBD17A87F861}"
EndProject
Global
	GlobalSection(SolutionConfigurationPlatforms) = preSolution
		Debug|Any CPU = Debug|Any CPU
		Release|Any CPU = Release|Any CPU
	EndGlobalSection
	GlobalSection(ProjectConfigurationPlatforms) = postSolution
		{5664234F-3594-460A-903F-EBD17A87F861}.Debug|Any CPU.ActiveCfg = Debug|Any CPU
		{5664234F-3594-460A-903F-EBD17A87F861}.Debug|Any CPU.Build.0 = Debug|Any CPU
		{5664234F-3594-460A-903F-EBD17A87F861}.Release|Any CPU.ActiveCfg = Release|Any CPU
		{5664234F-3594-460A-903F-EBD17A87F861}.Release|Any CPU.Build.0 = Release|Any CPU
	EndGlobalSection
	GlobalSection(SolutionProperties) = preSolution
		HideSolutionNode = FALSE
	EndGlobalSection
	GlobalSection(ExtensibilityGlobals) = postSolution
		SolutionGuid = {BD6C4CEB-D70D-4F59-B78D-1795BB9E5FFF}
	EndGlobalSection
EndGlobal
