
Microsoft Visual Studio Solution File, Format Version 12.00
# Visual Studio Version 17
VisualStudioVersion = 17.5.33516.290
MinimumVisualStudioVersion = 10.0.40219.1
Project("{FAE04EC0-301F-11D3-BF4B-00C04F79EFBC}") = "DirectoryInfo", "DirectoryInfo\DirectoryInfo.csproj", "{D836A053-F668-4DDE-BC20-3C246261748D}"
EndProject
Global
	GlobalSection(SolutionConfigurationPlatforms) = preSolution
		Debug|Any CPU = Debug|Any CPU
		Release|Any CPU = Release|Any CPU
	EndGlobalSection
	GlobalSection(ProjectConfigurationPlatforms) = postSolution
		{D836A053-F668-4DDE-BC20-3C246261748D}.Debug|Any CPU.ActiveCfg = Debug|Any CPU
		{D836A053-F668-4DDE-BC20-3C246261748D}.Debug|Any CPU.Build.0 = Debug|Any CPU
		{D836A053-F668-4DDE-BC20-3C246261748D}.Release|Any CPU.ActiveCfg = Release|Any CPU
		{D836A053-F668-4DDE-BC20-3C246261748D}.Release|Any CPU.Build.0 = Release|Any CPU
	EndGlobalSection
	GlobalSection(SolutionProperties) = preSolution
		HideSolutionNode = FALSE
	EndGlobalSection
	GlobalSection(ExtensibilityGlobals) = postSolution
		SolutionGuid = {61ED8385-7985-451C-AD72-2B82C37CAE17}
	EndGlobalSection
EndGlobal
