
Microsoft Visual Studio Solution File, Format Version 12.00
# Visual Studio Version 17
VisualStudioVersion = 17.5.33516.290
MinimumVisualStudioVersion = 10.0.40219.1
Project("{FAE04EC0-301F-11D3-BF4B-00C04F79EFBC}") = "OptionalParameterDemo", "OptionalParameterDemo\OptionalParameterDemo.csproj", "{B83476CF-1D8D-469F-A824-F258761E9BB2}"
EndProject
Global
	GlobalSection(SolutionConfigurationPlatforms) = preSolution
		Debug|Any CPU = Debug|Any CPU
		Release|Any CPU = Release|Any CPU
	EndGlobalSection
	GlobalSection(ProjectConfigurationPlatforms) = postSolution
		{B83476CF-1D8D-469F-A824-F258761E9BB2}.Debug|Any CPU.ActiveCfg = Debug|Any CPU
		{B83476CF-1D8D-469F-A824-F258761E9BB2}.Debug|Any CPU.Build.0 = Debug|Any CPU
		{B83476CF-1D8D-469F-A824-F258761E9BB2}.Release|Any CPU.ActiveCfg = Release|Any CPU
		{B83476CF-1D8D-469F-A824-F258761E9BB2}.Release|Any CPU.Build.0 = Release|Any CPU
	EndGlobalSection
	GlobalSection(SolutionProperties) = preSolution
		HideSolutionNode = FALSE
	EndGlobalSection
	GlobalSection(ExtensibilityGlobals) = postSolution
		SolutionGuid = {C055B1C9-6C20-447E-9845-13FA1EA059CC}
	EndGlobalSection
EndGlobal
