
Microsoft Visual Studio Solution File, Format Version 12.00
# Visual Studio Version 17
VisualStudioVersion = 17.5.33516.290
MinimumVisualStudioVersion = 10.0.40219.1
Project("{FAE04EC0-301F-11D3-BF4B-00C04F79EFBC}") = "HTTPCaching", "HTTPCaching\HTTPCaching.csproj", "{FC57512B-8452-416D-B55C-B4BBC1C6818B}"
EndProject
Global
	GlobalSection(SolutionConfigurationPlatforms) = preSolution
		Debug|Any CPU = Debug|Any CPU
		Release|Any CPU = Release|Any CPU
	EndGlobalSection
	GlobalSection(ProjectConfigurationPlatforms) = postSolution
		{FC57512B-8452-416D-B55C-B4BBC1C6818B}.Debug|Any CPU.ActiveCfg = Debug|Any CPU
		{FC57512B-8452-416D-B55C-B4BBC1C6818B}.Debug|Any CPU.Build.0 = Debug|Any CPU
		{FC57512B-8452-416D-B55C-B4BBC1C6818B}.Release|Any CPU.ActiveCfg = Release|Any CPU
		{FC57512B-8452-416D-B55C-B4BBC1C6818B}.Release|Any CPU.Build.0 = Release|Any CPU
	EndGlobalSection
	GlobalSection(SolutionProperties) = preSolution
		HideSolutionNode = FALSE
	EndGlobalSection
	GlobalSection(ExtensibilityGlobals) = postSolution
		SolutionGuid = {27846A27-7DCA-43FF-B674-98660CA03094}
	EndGlobalSection
EndGlobal
