
Microsoft Visual Studio Solution File, Format Version 12.00
# Visual Studio Version 17
VisualStudioVersion = 17.5.33516.290
MinimumVisualStudioVersion = 10.0.40219.1
Project("{FAE04EC0-301F-11D3-BF4B-00C04F79EFBC}") = "Dependency_Injection", "Dependency_Injection\Dependency_Injection.csproj", "{045E0C69-123B-46D5-B9C6-EF0B33436DC2}"
EndProject
Global
	GlobalSection(SolutionConfigurationPlatforms) = preSolution
		Debug|Any CPU = Debug|Any CPU
		Release|Any CPU = Release|Any CPU
	EndGlobalSection
	GlobalSection(ProjectConfigurationPlatforms) = postSolution
		{045E0C69-123B-46D5-B9C6-EF0B33436DC2}.Debug|Any CPU.ActiveCfg = Debug|Any CPU
		{045E0C69-123B-46D5-B9C6-EF0B33436DC2}.Debug|Any CPU.Build.0 = Debug|Any CPU
		{045E0C69-123B-46D5-B9C6-EF0B33436DC2}.Release|Any CPU.ActiveCfg = Release|Any CPU
		{045E0C69-123B-46D5-B9C6-EF0B33436DC2}.Release|Any CPU.Build.0 = Release|Any CPU
	EndGlobalSection
	GlobalSection(SolutionProperties) = preSolution
		HideSolutionNode = FALSE
	EndGlobalSection
	GlobalSection(ExtensibilityGlobals) = postSolution
		SolutionGuid = {552E12EB-404F-4656-8F53-C6146C865E86}
	EndGlobalSection
EndGlobal
