
Microsoft Visual Studio Solution File, Format Version 12.00
# Visual Studio Version 17
VisualStudioVersion = 17.5.33516.290
MinimumVisualStudioVersion = 10.0.40219.1
Project("{FAE04EC0-301F-11D3-BF4B-00C04F79EFBC}") = "SwaggerDemo", "SwaggerDemo\SwaggerDemo.csproj", "{368DE9D4-A45D-4B6A-B0BD-AA4193D0034B}"
EndProject
Global
	GlobalSection(SolutionConfigurationPlatforms) = preSolution
		Debug|Any CPU = Debug|Any CPU
		Release|Any CPU = Release|Any CPU
	EndGlobalSection
	GlobalSection(ProjectConfigurationPlatforms) = postSolution
		{368DE9D4-A45D-4B6A-B0BD-AA4193D0034B}.Debug|Any CPU.ActiveCfg = Debug|Any CPU
		{368DE9D4-A45D-4B6A-B0BD-AA4193D0034B}.Debug|Any CPU.Build.0 = Debug|Any CPU
		{368DE9D4-A45D-4B6A-B0BD-AA4193D0034B}.Release|Any CPU.ActiveCfg = Release|Any CPU
		{368DE9D4-A45D-4B6A-B0BD-AA4193D0034B}.Release|Any CPU.Build.0 = Release|Any CPU
	EndGlobalSection
	GlobalSection(SolutionProperties) = preSolution
		HideSolutionNode = FALSE
	EndGlobalSection
	GlobalSection(ExtensibilityGlobals) = postSolution
		SolutionGuid = {2ADFD057-94C2-419A-BF47-BFEE3627EF58}
	EndGlobalSection
EndGlobal
