
Microsoft Visual Studio Solution File, Format Version 12.00
# Visual Studio Version 17
VisualStudioVersion = 17.5.33516.290
MinimumVisualStudioVersion = 10.0.40219.1
Project("{FAE04EC0-301F-11D3-BF4B-00C04F79EFBC}") = "FiltersApi", "FiltersApi\FiltersApi.csproj", "{4A0E7237-D892-44D3-9A4F-B88B9EC33A64}"
EndProject
Global
	GlobalSection(SolutionConfigurationPlatforms) = preSolution
		Debug|Any CPU = Debug|Any CPU
		Release|Any CPU = Release|Any CPU
	EndGlobalSection
	GlobalSection(ProjectConfigurationPlatforms) = postSolution
		{4A0E7237-D892-44D3-9A4F-B88B9EC33A64}.Debug|Any CPU.ActiveCfg = Debug|Any CPU
		{4A0E7237-D892-44D3-9A4F-B88B9EC33A64}.Debug|Any CPU.Build.0 = Debug|Any CPU
		{4A0E7237-D892-44D3-9A4F-B88B9EC33A64}.Release|Any CPU.ActiveCfg = Release|Any CPU
		{4A0E7237-D892-44D3-9A4F-B88B9EC33A64}.Release|Any CPU.Build.0 = Release|Any CPU
	EndGlobalSection
	GlobalSection(SolutionProperties) = preSolution
		HideSolutionNode = FALSE
	EndGlobalSection
	GlobalSection(ExtensibilityGlobals) = postSolution
		SolutionGuid = {FA1447E9-DAFE-458F-895F-85D1B1407196}
	EndGlobalSection
EndGlobal
