
Microsoft Visual Studio Solution File, Format Version 12.00
# Visual Studio Version 17
VisualStudioVersion = 17.5.33516.290
MinimumVisualStudioVersion = 10.0.40219.1
Project("{FAE04EC0-301F-11D3-BF4B-00C04F79EFBC}") = "Authentication", "Authentication\Authentication.csproj", "{306FE0EF-2B28-4371-BFF4-4CF2E6C89BD5}"
EndProject
Global
	GlobalSection(SolutionConfigurationPlatforms) = preSolution
		Debug|Any CPU = Debug|Any CPU
		Release|Any CPU = Release|Any CPU
	EndGlobalSection
	GlobalSection(ProjectConfigurationPlatforms) = postSolution
		{306FE0EF-2B28-4371-BFF4-4CF2E6C89BD5}.Debug|Any CPU.ActiveCfg = Debug|Any CPU
		{306FE0EF-2B28-4371-BFF4-4CF2E6C89BD5}.Debug|Any CPU.Build.0 = Debug|Any CPU
		{306FE0EF-2B28-4371-BFF4-4CF2E6C89BD5}.Release|Any CPU.ActiveCfg = Release|Any CPU
		{306FE0EF-2B28-4371-BFF4-4CF2E6C89BD5}.Release|Any CPU.Build.0 = Release|Any CPU
	EndGlobalSection
	GlobalSection(SolutionProperties) = preSolution
		HideSolutionNode = FALSE
	EndGlobalSection
	GlobalSection(ExtensibilityGlobals) = postSolution
		SolutionGuid = {8307E828-AD8C-4B62-9AF1-699DE0927F43}
	EndGlobalSection
EndGlobal
